
Microsoft Visual Studio Solution File, Format Version 12.00
# Visual Studio Version 17
VisualStudioVersion = 17.3.32929.385
MinimumVisualStudioVersion = 10.0.40219.1
Project("{FAE04EC0-301F-11D3-BF4B-00C04F79EFBC}") = "Demo.TracingService", "Demo.TracingService\Demo.TracingService.csproj", "{DDFF3857-52E7-4D6A-8B12-7D30B89783F2}"
EndProject
Global
	GlobalSection(SolutionConfigurationPlatforms) = preSolution
		Debug|Any CPU = Debug|Any CPU
		Release|Any CPU = Release|Any CPU
	EndGlobalSection
	GlobalSection(ProjectConfigurationPlatforms) = postSolution
		{DDFF3857-52E7-4D6A-8B12-7D30B89783F2}.Debug|Any CPU.ActiveCfg = Debug|Any CPU
		{DDFF3857-52E7-4D6A-8B12-7D30B89783F2}.Debug|Any CPU.Build.0 = Debug|Any CPU
		{DDFF3857-52E7-4D6A-8B12-7D30B89783F2}.Release|Any CPU.ActiveCfg = Release|Any CPU
		{DDFF3857-52E7-4D6A-8B12-7D30B89783F2}.Release|Any CPU.Build.0 = Release|Any CPU
	EndGlobalSection
	GlobalSection(SolutionProperties) = preSolution
		HideSolutionNode = FALSE
	EndGlobalSection
	GlobalSection(ExtensibilityGlobals) = postSolution
		SolutionGuid = {713B448A-82B7-4A53-A7D6-84B70EF99F9C}
	EndGlobalSection
EndGlobal
